{
  "name": "PYTHON",
  "lockfileVersion": 3,
  "requires": true,
  "packages": {
    "": {
      "dependencies": {
        "py": "^0.0.0",
        "python": "^0.0.4"
      }
    },
    "node_modules/py": {
      "version": "0.0.0",
      "resolved": "https://registry.npmjs.org/py/-/py-0.0.0.tgz",
      "integrity": "sha512-SIJVOxP5YpH84vUoZpzAPqMkTfSqyUJovUt5iaOUJzQzT6MTX6XjfcibjvbYqAoRyy3a5iF7NCgOAAnfCBQnKA==",
      "dependencies": {
        "sorted": "0.0.x"
      },
      "engines": {
        "node": "*"
      }
    },
    "node_modules/python": {
      "version": "0.0.4",
      "resolved": "https://registry.npmjs.org/python/-/python-0.0.4.tgz",
      "integrity": "sha512-7avKA/6XxrwcGSDes8xGn7FHAUdAUQXKHtpjDulyv5/nm7TcPblmPRvXjjwx5knWHqeRiipqH/TZR2HhmJ4CGQ==",
      "engines": {
        "node": ">= 0.4.1"
      }
    },
    "node_modules/sorted": {
      "version": "0.0.0",
      "resolved": "https://registry.npmjs.org/sorted/-/sorted-0.0.0.tgz",
      "integrity": "sha512-S6FL5PBhqSvwyeA+4qCgQUDBs7VrBPPGuQOM5LhwgFNREFYu9oFQkSD26OslAFQ3Q4X/GAcAEU7V3TlwNInjXw==",
      "engines": {
        "node": "*"
      }
    }
  }
}
